
Microsoft Visual Studio Solution File, Format Version 12.00
# Visual Studio Version 17
VisualStudioVersion = 17.8.34316.72
MinimumVisualStudioVersion = 10.0.40219.1
Project("{FAE04EC0-301F-11D3-BF4B-00C04F79EFBC}") = "InternationalAPI", "InternationalAPI\InternationalAPI.csproj", "{BFDAD76B-47E8-416E-ABA3-05F236CA672D}"
EndProject
Global
	GlobalSection(SolutionConfigurationPlatforms) = preSolution
		Debug|Any CPU = Debug|Any CPU
		Release|Any CPU = Release|Any CPU
	EndGlobalSection
	GlobalSection(ProjectConfigurationPlatforms) = postSolution
		{BFDAD76B-47E8-416E-ABA3-05F236CA672D}.Debug|Any CPU.ActiveCfg = Debug|Any CPU
		{BFDAD76B-47E8-416E-ABA3-05F236CA672D}.Debug|Any CPU.Build.0 = Debug|Any CPU
		{BFDAD76B-47E8-416E-ABA3-05F236CA672D}.Release|Any CPU.ActiveCfg = Release|Any CPU
		{BFDAD76B-47E8-416E-ABA3-05F236CA672D}.Release|Any CPU.Build.0 = Release|Any CPU
	EndGlobalSection
	GlobalSection(SolutionProperties) = preSolution
		HideSolutionNode = FALSE
	EndGlobalSection
	GlobalSection(ExtensibilityGlobals) = postSolution
		SolutionGuid = {2AE5B27F-5D8B-4A7B-BB7D-5A982B34BD72}
	EndGlobalSection
EndGlobal
