
Microsoft Visual Studio Solution File, Format Version 12.00
# Visual Studio Version 17
VisualStudioVersion = 17.7.34202.233
MinimumVisualStudioVersion = 10.0.40219.1
Project("{FAE04EC0-301F-11D3-BF4B-00C04F79EFBC}") = "WebApplication1", "WebApplication1\WebApplication1.csproj", "{077A7769-723A-44F8-AC9C-A23B04943ACD}"
EndProject
Global
	GlobalSection(SolutionConfigurationPlatforms) = preSolution
		Debug|Any CPU = Debug|Any CPU
		Release|Any CPU = Release|Any CPU
	EndGlobalSection
	GlobalSection(ProjectConfigurationPlatforms) = postSolution
		{077A7769-723A-44F8-AC9C-A23B04943ACD}.Debug|Any CPU.ActiveCfg = Debug|Any CPU
		{077A7769-723A-44F8-AC9C-A23B04943ACD}.Debug|Any CPU.Build.0 = Debug|Any CPU
		{077A7769-723A-44F8-AC9C-A23B04943ACD}.Release|Any CPU.ActiveCfg = Release|Any CPU
		{077A7769-723A-44F8-AC9C-A23B04943ACD}.Release|Any CPU.Build.0 = Release|Any CPU
	EndGlobalSection
	GlobalSection(SolutionProperties) = preSolution
		HideSolutionNode = FALSE
	EndGlobalSection
	GlobalSection(ExtensibilityGlobals) = postSolution
		SolutionGuid = {CAEE053E-C4B0-42C6-89EB-D935859EA5C4}
	EndGlobalSection
EndGlobal
